
Microsoft Visual Studio Solution File, Format Version 12.00
# Visual Studio Version 17
VisualStudioVersion = 17.8.34525.116
MinimumVisualStudioVersion = 10.0.40219.1
Project("{8BC9CEB8-8B4A-11D0-8D11-00A0C91BC942}") = "StudyGamePrograming02", "StudyGamePrograming02\StudyGamePrograming02.vcxproj", "{CBD565B1-05F2-4828-B5E3-26AF814153CD}"
EndProject
Project("{F184B08F-C81C-45F6-A57F-5ABD9991F28F}") = "StudyGamePrograming02_VB", "StudyGamePrograming02_VB\StudyGamePrograming02_VB.vbproj", "{396087B6-FA56-4AD4-A448-E99B03CDE78C}"
EndProject
Global
	GlobalSection(SolutionConfigurationPlatforms) = preSolution
		Debug|Any CPU = Debug|Any CPU
		Debug|x64 = Debug|x64
		Debug|x86 = Debug|x86
		Release|Any CPU = Release|Any CPU
		Release|x64 = Release|x64
		Release|x86 = Release|x86
	EndGlobalSection
	GlobalSection(ProjectConfigurationPlatforms) = postSolution
		{CBD565B1-05F2-4828-B5E3-26AF814153CD}.Debug|Any CPU.ActiveCfg = Debug|x64
		{CBD565B1-05F2-4828-B5E3-26AF814153CD}.Debug|Any CPU.Build.0 = Debug|x64
		{CBD565B1-05F2-4828-B5E3-26AF814153CD}.Debug|x64.ActiveCfg = Debug|x64
		{CBD565B1-05F2-4828-B5E3-26AF814153CD}.Debug|x64.Build.0 = Debug|x64
		{CBD565B1-05F2-4828-B5E3-26AF814153CD}.Debug|x86.ActiveCfg = Debug|Win32
		{CBD565B1-05F2-4828-B5E3-26AF814153CD}.Debug|x86.Build.0 = Debug|Win32
		{CBD565B1-05F2-4828-B5E3-26AF814153CD}.Release|Any CPU.ActiveCfg = Release|x64
		{CBD565B1-05F2-4828-B5E3-26AF814153CD}.Release|Any CPU.Build.0 = Release|x64
		{CBD565B1-05F2-4828-B5E3-26AF814153CD}.Release|x64.ActiveCfg = Release|x64
		{CBD565B1-05F2-4828-B5E3-26AF814153CD}.Release|x64.Build.0 = Release|x64
		{CBD565B1-05F2-4828-B5E3-26AF814153CD}.Release|x86.ActiveCfg = Release|Win32
		{CBD565B1-05F2-4828-B5E3-26AF814153CD}.Release|x86.Build.0 = Release|Win32
		{396087B6-FA56-4AD4-A448-E99B03CDE78C}.Debug|Any CPU.ActiveCfg = Debug|Any CPU
		{396087B6-FA56-4AD4-A448-E99B03CDE78C}.Debug|Any CPU.Build.0 = Debug|Any CPU
		{396087B6-FA56-4AD4-A448-E99B03CDE78C}.Debug|x64.ActiveCfg = Debug|Any CPU
		{396087B6-FA56-4AD4-A448-E99B03CDE78C}.Debug|x64.Build.0 = Debug|Any CPU
		{396087B6-FA56-4AD4-A448-E99B03CDE78C}.Debug|x86.ActiveCfg = Debug|Any CPU
		{396087B6-FA56-4AD4-A448-E99B03CDE78C}.Debug|x86.Build.0 = Debug|Any CPU
		{396087B6-FA56-4AD4-A448-E99B03CDE78C}.Release|Any CPU.ActiveCfg = Release|Any CPU
		{396087B6-FA56-4AD4-A448-E99B03CDE78C}.Release|Any CPU.Build.0 = Release|Any CPU
		{396087B6-FA56-4AD4-A448-E99B03CDE78C}.Release|x64.ActiveCfg = Release|Any CPU
		{396087B6-FA56-4AD4-A448-E99B03CDE78C}.Release|x64.Build.0 = Release|Any CPU
		{396087B6-FA56-4AD4-A448-E99B03CDE78C}.Release|x86.ActiveCfg = Release|Any CPU
		{396087B6-FA56-4AD4-A448-E99B03CDE78C}.Release|x86.Build.0 = Release|Any CPU
	EndGlobalSection
	GlobalSection(SolutionProperties) = preSolution
		HideSolutionNode = FALSE
	EndGlobalSection
	GlobalSection(ExtensibilityGlobals) = postSolution
		SolutionGuid = {22AC462D-105B-4797-A31F-B85198BA6534}
	EndGlobalSection
EndGlobal
